<?xml version="1.0" encoding="utf-8"?>
<Project ToolsVersion="4.0" xmlns="http://schemas.microsoft.com/developer/msbuild/2003">
  <ItemGroup>
    <Filter Include="Исходные файлы">
      <UniqueIdentifier>{4FC737F1-C7A5-4376-A066-2A32D752A2FF}</UniqueIdentifier>
      <Extensions>cpp;c;cc;cxx;def;odl;idl;hpj;bat;asm;asmx</Extensions>
    </Filter>
    <Filter Include="Файлы заголовков">
      <UniqueIdentifier>{93995380-89BD-4b04-88EB-625FBE52EBFB}</UniqueIdentifier>
      <Extensions>h;hh;hpp;hxx;hm;inl;inc;ipp;xsd</Extensions>
    </Filter>
    <Filter Include="Файлы ресурсов">
      <UniqueIdentifier>{67DA6AB6-F800-4c08-8B7A-83BB121AAD01}</UniqueIdentifier>
      <Extensions>rc;ico;cur;bmp;dlg;rc2;rct;bin;rgs;gif;jpg;jpeg;jpe;resx;tiff;tif;png;wav;mfcribbon-ms</Extensions>
    </Filter>
  </ItemGroup>
  <ItemGroup>
    <ClCompile Include="Actor.cpp">
      <Filter>Исходные файлы</Filter>
    </ClCompile>
    <ClCompile Include="Date.cpp">
      <Filter>Исходные файлы</Filter>
    </ClCompile>
    <ClCompile Include="Education.cpp">
      <Filter>Исходные файлы</Filter>
    </ClCompile>
    <ClCompile Include="Hall.cpp">
      <Filter>Исходные файлы</Filter>
    </ClCompile>
    <ClCompile Include="Pay_office.cpp">
      <Filter>Исходные файлы</Filter>
    </ClCompile>
    <ClCompile Include="Place.cpp">
      <Filter>Исходные файлы</Filter>
    </ClCompile>
    <ClCompile Include="Season.cpp">
      <Filter>Исходные файлы</Filter>
    </ClCompile>
    <ClCompile Include="SeasonPlay.cpp">
      <Filter>Исходные файлы</Filter>
    </ClCompile>
    <ClCompile Include="Systema.cpp">
      <Filter>Исходные файлы</Filter>
    </ClCompile>
    <ClCompile Include="Time.cpp">
      <Filter>Исходные файлы</Filter>
    </ClCompile>
    <ClCompile Include="Trupp_role.cpp">
      <Filter>Исходные файлы</Filter>
    </ClCompile>
    <ClCompile Include="Worker.cpp">
      <Filter>Исходные файлы</Filter>
    </ClCompile>
    <ClCompile Include="MainM.cpp">
      <Filter>Исходные файлы</Filter>
    </ClCompile>
    <ClCompile Include="ListPlays.cpp">
      <Filter>Исходные файлы</Filter>
    </ClCompile>
    <ClCompile Include="CalenderPlays.cpp">
      <Filter>Исходные файлы</Filter>
    </ClCompile>
    <ClCompile Include="SearchForm.cpp">
      <Filter>Исходные файлы</Filter>
    </ClCompile>
    <ClCompile Include="ViewerMenu.cpp">
      <Filter>Исходные файлы</Filter>
    </ClCompile>
    <ClCompile Include="AboutPlay.cpp">
      <Filter>Исходные файлы</Filter>
    </ClCompile>
    <ClCompile Include="AdminMenu.cpp">
      <Filter>Исходные файлы</Filter>
    </ClCompile>
    <ClCompile Include="SeasonsForm.cpp">
      <Filter>Исходные файлы</Filter>
    </ClCompile>
    <ClCompile Include="PlaysForm.cpp">
      <Filter>Исходные файлы</Filter>
    </ClCompile>
    <ClCompile Include="ActorsForm.cpp">
      <Filter>Исходные файлы</Filter>
    </ClCompile>
    <ClCompile Include="DirectorsForm.cpp">
      <Filter>Исходные файлы</Filter>
    </ClCompile>
    <ClCompile Include="Statistica.cpp">
      <Filter>Исходные файлы</Filter>
    </ClCompile>
    <ClCompile Include="BuyTicket1.cpp">
      <Filter>Исходные файлы</Filter>
    </ClCompile>
    <ClCompile Include="AdmTickets.cpp">
      <Filter>Исходные файлы</Filter>
    </ClCompile>
    <ClCompile Include="Director.cpp">
      <Filter>Исходные файлы</Filter>
    </ClCompile>
    <ClCompile Include="AddingFIle.cpp">
      <Filter>Исходные файлы</Filter>
    </ClCompile>
    <ClCompile Include="Play.cpp">
      <Filter>Исходные файлы</Filter>
    </ClCompile>
    <ClCompile Include="WritingFile.cpp">
      <Filter>Исходные файлы</Filter>
    </ClCompile>
    <ClCompile Include="Finding.cpp">
      <Filter>Исходные файлы</Filter>
    </ClCompile>
    <ClCompile Include="Checking.cpp">
      <Filter>Исходные файлы</Filter>
    </ClCompile>
  </ItemGroup>
  <ItemGroup>
    <ClInclude Include="Actor.h">
      <Filter>Файлы заголовков</Filter>
    </ClInclude>
    <ClInclude Include="Date.h">
      <Filter>Файлы заголовков</Filter>
    </ClInclude>
    <ClInclude Include="Education.h">
      <Filter>Файлы заголовков</Filter>
    </ClInclude>
    <ClInclude Include="Hall.h">
      <Filter>Файлы заголовков</Filter>
    </ClInclude>
    <ClInclude Include="Pay_office.h">
      <Filter>Файлы заголовков</Filter>
    </ClInclude>
    <ClInclude Include="Place.h">
      <Filter>Файлы заголовков</Filter>
    </ClInclude>
    <ClInclude Include="Season.h">
      <Filter>Файлы заголовков</Filter>
    </ClInclude>
    <ClInclude Include="SeasonPlay.h">
      <Filter>Файлы заголовков</Filter>
    </ClInclude>
    <ClInclude Include="Systema.h">
      <Filter>Файлы заголовков</Filter>
    </ClInclude>
    <ClInclude Include="Time.h">
      <Filter>Файлы заголовков</Filter>
    </ClInclude>
    <ClInclude Include="Trupp_role.h">
      <Filter>Файлы заголовков</Filter>
    </ClInclude>
    <ClInclude Include="Worker.h">
      <Filter>Файлы заголовков</Filter>
    </ClInclude>
    <ClInclude Include="MainM.h">
      <Filter>Файлы заголовков</Filter>
    </ClInclude>
    <ClInclude Include="ListPlays.h">
      <Filter>Исходные файлы</Filter>
    </ClInclude>
    <ClInclude Include="CalenderPlays.h">
      <Filter>Исходные файлы</Filter>
    </ClInclude>
    <ClInclude Include="SearchForm.h">
      <Filter>Исходные файлы</Filter>
    </ClInclude>
    <ClInclude Include="ViewerMenu.h">
      <Filter>Исходные файлы</Filter>
    </ClInclude>
    <ClInclude Include="AboutPlay.h">
      <Filter>Исходные файлы</Filter>
    </ClInclude>
    <ClInclude Include="AdminMenu.h">
      <Filter>Исходные файлы</Filter>
    </ClInclude>
    <ClInclude Include="SeasonsForm.h">
      <Filter>Исходные файлы</Filter>
    </ClInclude>
    <ClInclude Include="PlaysForm.h">
      <Filter>Исходные файлы</Filter>
    </ClInclude>
    <ClInclude Include="ActorsForm.h">
      <Filter>Исходные файлы</Filter>
    </ClInclude>
    <ClInclude Include="DirectorsForm.h">
      <Filter>Исходные файлы</Filter>
    </ClInclude>
    <ClInclude Include="Statistica.h">
      <Filter>Исходные файлы</Filter>
    </ClInclude>
    <ClInclude Include="BuyTicket1.h">
      <Filter>Исходные файлы</Filter>
    </ClInclude>
    <ClInclude Include="AdmTickets.h">
      <Filter>Исходные файлы</Filter>
    </ClInclude>
    <ClInclude Include="Director.h">
      <Filter>Файлы заголовков</Filter>
    </ClInclude>
    <ClInclude Include="AddingFIle.h">
      <Filter>Файлы заголовков</Filter>
    </ClInclude>
    <ClInclude Include="Play.h">
      <Filter>Файлы заголовков</Filter>
    </ClInclude>
    <ClInclude Include="WritingFile.h">
      <Filter>Файлы заголовков</Filter>
    </ClInclude>
    <ClInclude Include="Header.h">
      <Filter>Файлы заголовков</Filter>
    </ClInclude>
    <ClInclude Include="Finding.h">
      <Filter>Файлы заголовков</Filter>
    </ClInclude>
    <ClInclude Include="Checking.h">
      <Filter>Файлы заголовков</Filter>
    </ClInclude>
  </ItemGroup>
</Project>